
Microsoft Visual Studio Solution File, Format Version 12.00
# Visual Studio Version 16
VisualStudioVersion = 16.0.29409.12
MinimumVisualStudioVersion = 10.0.40219.1
Project("{8BC9CEB8-8B4A-11D0-8D11-00A0C91BC942}") = "sunshine", "sunshine\sunshine.vcxproj", "{64CAF155-8C90-4583-8CA3-B4D94528AB1C}"
	ProjectSection(ProjectDependencies) = postProject
		{AB676F20-5354-45C5-A134-14707A8373A7} = {AB676F20-5354-45C5-A134-14707A8373A7}
	EndProjectSection
EndProject
Project("{8BC9CEB8-8B4A-11D0-8D11-00A0C91BC942}") = "DXD9TestApplication", "DXD9TestApplication\DXD9TestApplication.vcxproj", "{D1BE59DF-6DDF-4745-9471-E9861300426B}"
EndProject
Project("{8BC9CEB8-8B4A-11D0-8D11-00A0C91BC942}") = "sunshine-hook", "sunshine-hook\sunshine-hook.vcxproj", "{AB676F20-5354-45C5-A134-14707A8373A7}"
EndProject
Project("{8BC9CEB8-8B4A-11D0-8D11-00A0C91BC942}") = "NvidiaCodecCommon", "NvidiaCodecCommon\NvidiaCodecCommon.vcxproj", "{A8311A2A-7410-4539-BEE0-F76DD839EF4E}"
EndProject
Project("{8BC9CEB8-8B4A-11D0-8D11-00A0C91BC942}") = "common-headers", "common-headers\common-headers.vcxitems", "{AB54DC13-4380-4635-AF3A-8A0381B3A280}"
EndProject
Global
	GlobalSection(SharedMSBuildProjectFiles) = preSolution
		common-headers\common-headers.vcxitems*{64caf155-8c90-4583-8ca3-b4d94528ab1c}*SharedItemsImports = 4
		common-headers\common-headers.vcxitems*{ab54dc13-4380-4635-af3a-8a0381b3a280}*SharedItemsImports = 9
		common-headers\common-headers.vcxitems*{ab676f20-5354-45c5-a134-14707a8373a7}*SharedItemsImports = 4
	EndGlobalSection
	GlobalSection(SolutionConfigurationPlatforms) = preSolution
		Debug Thimbleweed Park|x64 = Debug Thimbleweed Park|x64
		Debug Thimbleweed Park|x86 = Debug Thimbleweed Park|x86
		Debug|x64 = Debug|x64
		Debug|x86 = Debug|x86
		Release|x64 = Release|x64
		Release|x86 = Release|x86
	EndGlobalSection
	GlobalSection(ProjectConfigurationPlatforms) = postSolution
		{64CAF155-8C90-4583-8CA3-B4D94528AB1C}.Debug Thimbleweed Park|x64.ActiveCfg = Debug Thimbleweed Park|x64
		{64CAF155-8C90-4583-8CA3-B4D94528AB1C}.Debug Thimbleweed Park|x64.Build.0 = Debug Thimbleweed Park|x64
		{64CAF155-8C90-4583-8CA3-B4D94528AB1C}.Debug Thimbleweed Park|x86.ActiveCfg = Debug Thimbleweed Park|Win32
		{64CAF155-8C90-4583-8CA3-B4D94528AB1C}.Debug Thimbleweed Park|x86.Build.0 = Debug Thimbleweed Park|Win32
		{64CAF155-8C90-4583-8CA3-B4D94528AB1C}.Debug|x64.ActiveCfg = Debug|x64
		{64CAF155-8C90-4583-8CA3-B4D94528AB1C}.Debug|x64.Build.0 = Debug|x64
		{64CAF155-8C90-4583-8CA3-B4D94528AB1C}.Debug|x86.ActiveCfg = Debug|Win32
		{64CAF155-8C90-4583-8CA3-B4D94528AB1C}.Debug|x86.Build.0 = Debug|Win32
		{64CAF155-8C90-4583-8CA3-B4D94528AB1C}.Release|x64.ActiveCfg = Release|x64
		{64CAF155-8C90-4583-8CA3-B4D94528AB1C}.Release|x64.Build.0 = Release|x64
		{64CAF155-8C90-4583-8CA3-B4D94528AB1C}.Release|x86.ActiveCfg = Debug|Win32
		{64CAF155-8C90-4583-8CA3-B4D94528AB1C}.Release|x86.Build.0 = Debug|Win32
		{D1BE59DF-6DDF-4745-9471-E9861300426B}.Debug Thimbleweed Park|x64.ActiveCfg = Debug Thimbleweed Park|x64
		{D1BE59DF-6DDF-4745-9471-E9861300426B}.Debug Thimbleweed Park|x64.Build.0 = Debug Thimbleweed Park|x64
		{D1BE59DF-6DDF-4745-9471-E9861300426B}.Debug Thimbleweed Park|x86.ActiveCfg = Debug Thimbleweed Park|Win32
		{D1BE59DF-6DDF-4745-9471-E9861300426B}.Debug Thimbleweed Park|x86.Build.0 = Debug Thimbleweed Park|Win32
		{D1BE59DF-6DDF-4745-9471-E9861300426B}.Debug|x64.ActiveCfg = Debug|x64
		{D1BE59DF-6DDF-4745-9471-E9861300426B}.Debug|x64.Build.0 = Debug|x64
		{D1BE59DF-6DDF-4745-9471-E9861300426B}.Debug|x86.ActiveCfg = Debug|Win32
		{D1BE59DF-6DDF-4745-9471-E9861300426B}.Debug|x86.Build.0 = Debug|Win32
		{D1BE59DF-6DDF-4745-9471-E9861300426B}.Release|x64.ActiveCfg = Release|x64
		{D1BE59DF-6DDF-4745-9471-E9861300426B}.Release|x64.Build.0 = Release|x64
		{D1BE59DF-6DDF-4745-9471-E9861300426B}.Release|x86.ActiveCfg = Debug|Win32
		{D1BE59DF-6DDF-4745-9471-E9861300426B}.Release|x86.Build.0 = Debug|Win32
		{AB676F20-5354-45C5-A134-14707A8373A7}.Debug Thimbleweed Park|x64.ActiveCfg = Debug Thimbleweed Park|x64
		{AB676F20-5354-45C5-A134-14707A8373A7}.Debug Thimbleweed Park|x64.Build.0 = Debug Thimbleweed Park|x64
		{AB676F20-5354-45C5-A134-14707A8373A7}.Debug Thimbleweed Park|x86.ActiveCfg = Debug Thimbleweed Park|Win32
		{AB676F20-5354-45C5-A134-14707A8373A7}.Debug Thimbleweed Park|x86.Build.0 = Debug Thimbleweed Park|Win32
		{AB676F20-5354-45C5-A134-14707A8373A7}.Debug|x64.ActiveCfg = Debug|x64
		{AB676F20-5354-45C5-A134-14707A8373A7}.Debug|x64.Build.0 = Debug|x64
		{AB676F20-5354-45C5-A134-14707A8373A7}.Debug|x86.ActiveCfg = Debug|Win32
		{AB676F20-5354-45C5-A134-14707A8373A7}.Debug|x86.Build.0 = Debug|Win32
		{AB676F20-5354-45C5-A134-14707A8373A7}.Release|x64.ActiveCfg = Release|x64
		{AB676F20-5354-45C5-A134-14707A8373A7}.Release|x64.Build.0 = Release|x64
		{AB676F20-5354-45C5-A134-14707A8373A7}.Release|x86.ActiveCfg = Debug|Win32
		{AB676F20-5354-45C5-A134-14707A8373A7}.Release|x86.Build.0 = Debug|Win32
		{A8311A2A-7410-4539-BEE0-F76DD839EF4E}.Debug Thimbleweed Park|x64.ActiveCfg = Debug Thimbleweed Park|x64
		{A8311A2A-7410-4539-BEE0-F76DD839EF4E}.Debug Thimbleweed Park|x64.Build.0 = Debug Thimbleweed Park|x64
		{A8311A2A-7410-4539-BEE0-F76DD839EF4E}.Debug Thimbleweed Park|x86.ActiveCfg = Debug Thimbleweed Park|Win32
		{A8311A2A-7410-4539-BEE0-F76DD839EF4E}.Debug Thimbleweed Park|x86.Build.0 = Debug Thimbleweed Park|Win32
		{A8311A2A-7410-4539-BEE0-F76DD839EF4E}.Debug|x64.ActiveCfg = Debug|x64
		{A8311A2A-7410-4539-BEE0-F76DD839EF4E}.Debug|x64.Build.0 = Debug|x64
		{A8311A2A-7410-4539-BEE0-F76DD839EF4E}.Debug|x86.ActiveCfg = Debug|Win32
		{A8311A2A-7410-4539-BEE0-F76DD839EF4E}.Debug|x86.Build.0 = Debug|Win32
		{A8311A2A-7410-4539-BEE0-F76DD839EF4E}.Release|x64.ActiveCfg = Release|x64
		{A8311A2A-7410-4539-BEE0-F76DD839EF4E}.Release|x64.Build.0 = Release|x64
		{A8311A2A-7410-4539-BEE0-F76DD839EF4E}.Release|x86.ActiveCfg = Release|Win32
		{A8311A2A-7410-4539-BEE0-F76DD839EF4E}.Release|x86.Build.0 = Release|Win32
	EndGlobalSection
	GlobalSection(SolutionProperties) = preSolution
		HideSolutionNode = FALSE
	EndGlobalSection
	GlobalSection(ExtensibilityGlobals) = postSolution
		SolutionGuid = {0EC8BC77-EBAF-443B-BC90-0063F2BDEAC6}
	EndGlobalSection
EndGlobal
