<?xml version="1.0" encoding="utf-8"?>
<Project ToolsVersion="4.0" xmlns="http://schemas.microsoft.com/developer/msbuild/2003">
  <ItemGroup>
    <Filter Include="Source Files">
      <UniqueIdentifier>{4FC737F1-C7A5-4376-A066-2A32D752A2FF}</UniqueIdentifier>
      <Extensions>cpp;c;cc;cxx;def;odl;idl;hpj;bat;asm;asmx</Extensions>
    </Filter>
    <Filter Include="Header Files">
      <UniqueIdentifier>{93995380-89BD-4b04-88EB-625FBE52EBFB}</UniqueIdentifier>
      <Extensions>h;hh;hpp;hxx;hm;inl;inc;xsd</Extensions>
    </Filter>
    <Filter Include="Resource Files">
      <UniqueIdentifier>{67DA6AB6-F800-4c08-8B7A-83BB121AAD01}</UniqueIdentifier>
      <Extensions>rc;ico;cur;bmp;dlg;rc2;rct;bin;rgs;gif;jpg;jpeg;jpe;resx;tiff;tif;png;wav;mfcribbon-ms</Extensions>
    </Filter>
    <Filter Include="Source Files\Hooks">
      <UniqueIdentifier>{ada733dc-21f6-462b-ad98-4ccdb748f2bf}</UniqueIdentifier>
    </Filter>
    <Filter Include="Source Files\Encode">
      <UniqueIdentifier>{1382b964-67ba-4560-a4c2-7ed90b7ccb04}</UniqueIdentifier>
    </Filter>
    <Filter Include="Source Files\Input">
      <UniqueIdentifier>{46de1f6a-dc59-454b-b87d-a10fcacc3949}</UniqueIdentifier>
    </Filter>
    <Filter Include="Header Files\Hook">
      <UniqueIdentifier>{9a3cba34-49db-48f2-ac08-934c7867ad2b}</UniqueIdentifier>
    </Filter>
    <Filter Include="Header Files\Encode">
      <UniqueIdentifier>{5d8b6cf6-cf2d-4a10-b940-f4ad39042006}</UniqueIdentifier>
    </Filter>
  </ItemGroup>
  <ItemGroup>
    <ClInclude Include="stdafx.h">
      <Filter>Header Files</Filter>
    </ClInclude>
    <ClInclude Include="targetver.h">
      <Filter>Header Files</Filter>
    </ClInclude>
    <ClInclude Include="Bootstrap.h">
      <Filter>Header Files</Filter>
    </ClInclude>
    <ClInclude Include="MessageQueueDispatcher.h">
      <Filter>Header Files</Filter>
    </ClInclude>
    <ClInclude Include="UDPClient.h">
      <Filter>Header Files</Filter>
    </ClInclude>
    <ClInclude Include="ExitProcessHook.h">
      <Filter>Header Files</Filter>
    </ClInclude>
    <ClInclude Include="InputPipeline.h">
      <Filter>Header Files</Filter>
    </ClInclude>
    <ClInclude Include="UDPServer.h">
      <Filter>Header Files</Filter>
    </ClInclude>
    <ClInclude Include="D9Hook.h">
      <Filter>Header Files\Hook</Filter>
    </ClInclude>
    <ClInclude Include="D11Hook.h">
      <Filter>Header Files\Hook</Filter>
    </ClInclude>
    <ClInclude Include="GLHook.h">
      <Filter>Header Files\Hook</Filter>
    </ClInclude>
    <ClInclude Include="Hook.h">
      <Filter>Header Files\Hook</Filter>
    </ClInclude>
    <ClInclude Include="GraphicHook.h">
      <Filter>Header Files\Hook</Filter>
    </ClInclude>
    <ClInclude Include="AmdEncoder.h">
      <Filter>Header Files\Encode</Filter>
    </ClInclude>
    <ClInclude Include="D9EncodePipeline.h">
      <Filter>Header Files\Encode</Filter>
    </ClInclude>
    <ClInclude Include="D11EncodePipeline.h">
      <Filter>Header Files\Encode</Filter>
    </ClInclude>
    <ClInclude Include="EncodePipeline.h">
      <Filter>Header Files\Encode</Filter>
    </ClInclude>
    <ClInclude Include="Encoder.h">
      <Filter>Header Files\Encode</Filter>
    </ClInclude>
    <ClInclude Include="GLEncodePipeline.h">
      <Filter>Header Files\Encode</Filter>
    </ClInclude>
    <ClInclude Include="NvidiaEncoder.h">
      <Filter>Header Files\Encode</Filter>
    </ClInclude>
    <ClInclude Include="WndProcHook.h">
      <Filter>Header Files\Hook</Filter>
    </ClInclude>
    <ClInclude Include="FocusHook.h">
      <Filter>Header Files\Hook</Filter>
    </ClInclude>
  </ItemGroup>
  <ItemGroup>
    <ClCompile Include="stdafx.cpp">
      <Filter>Source Files</Filter>
    </ClCompile>
    <ClCompile Include="sunshine-hook.cpp">
      <Filter>Source Files</Filter>
    </ClCompile>
    <ClCompile Include="dllmain.cpp">
      <Filter>Source Files</Filter>
    </ClCompile>
    <ClCompile Include="..\easyloggingpp\easylogging++.cc">
      <Filter>Source Files</Filter>
    </ClCompile>
    <ClCompile Include="Bootstrap.cpp">
      <Filter>Source Files</Filter>
    </ClCompile>
    <ClCompile Include="Hook.cpp">
      <Filter>Source Files\Hooks</Filter>
    </ClCompile>
    <ClCompile Include="D9Hook.cpp">
      <Filter>Source Files\Hooks</Filter>
    </ClCompile>
    <ClCompile Include="Encoder.cpp">
      <Filter>Source Files\Encode</Filter>
    </ClCompile>
    <ClCompile Include="AmdEncoder.cpp">
      <Filter>Source Files\Encode</Filter>
    </ClCompile>
    <ClCompile Include="D9EncodePipeline.cpp">
      <Filter>Source Files\Encode</Filter>
    </ClCompile>
    <ClCompile Include="D11EncodePipeline.cpp">
      <Filter>Source Files\Encode</Filter>
    </ClCompile>
    <ClCompile Include="D11Hook.cpp">
      <Filter>Source Files\Hooks</Filter>
    </ClCompile>
    <ClCompile Include="GLHook.cpp">
      <Filter>Source Files\Hooks</Filter>
    </ClCompile>
    <ClCompile Include="GLEncodePipeline.cpp">
      <Filter>Source Files\Encode</Filter>
    </ClCompile>
    <ClCompile Include="MessageQueueDispatcher.cpp">
      <Filter>Source Files</Filter>
    </ClCompile>
    <ClCompile Include="UDPClient.cpp">
      <Filter>Source Files</Filter>
    </ClCompile>
    <ClCompile Include="EncodePipeline.cpp">
      <Filter>Source Files\Encode</Filter>
    </ClCompile>
    <ClCompile Include="ExitProcessHook.cpp">
      <Filter>Source Files</Filter>
    </ClCompile>
    <ClCompile Include="InputPipeline.cpp">
      <Filter>Source Files\Input</Filter>
    </ClCompile>
    <ClCompile Include="UDPServer.cpp">
      <Filter>Source Files</Filter>
    </ClCompile>
    <ClCompile Include="GraphicHook.cpp">
      <Filter>Source Files\Hooks</Filter>
    </ClCompile>
    <ClCompile Include="NvidiaEncoder.cpp">
      <Filter>Source Files\Encode</Filter>
    </ClCompile>
    <ClCompile Include="WndProcHook.cpp">
      <Filter>Source Files\Hooks</Filter>
    </ClCompile>
  </ItemGroup>
  <ItemGroup>
    <None Include="packages.config" />
  </ItemGroup>
</Project>